
Microsoft Visual Studio Solution File, Format Version 12.00
# Visual Studio Version 17
VisualStudioVersion = 17.0.31919.166
MinimumVisualStudioVersion = 10.0.40219.1
Project("{FAE04EC0-301F-11D3-BF4B-00C04F79EFBC}") = "BasicSynthesizer", "BasicSynthesizer.csproj", "{113F0470-BF8A-4643-8264-0C0E1A99E6D1}"
EndProject
Project("{2150E333-8FDC-42A3-9474-1A3956D46DE8}") = "Solution Items", "Solution Items", "{5C9D97D1-37D4-415E-A90C-267C03759F9C}"
	ProjectSection(SolutionItems) = preProject
		.editorconfig = .editorconfig
	EndProjectSection
EndProject
Global
	GlobalSection(SolutionConfigurationPlatforms) = preSolution
		Debug|Any CPU = Debug|Any CPU
		Release|Any CPU = Release|Any CPU
	EndGlobalSection
	GlobalSection(ProjectConfigurationPlatforms) = postSolution
		{113F0470-BF8A-4643-8264-0C0E1A99E6D1}.Debug|Any CPU.ActiveCfg = Debug|Any CPU
		{113F0470-BF8A-4643-8264-0C0E1A99E6D1}.Debug|Any CPU.Build.0 = Debug|Any CPU
		{113F0470-BF8A-4643-8264-0C0E1A99E6D1}.Release|Any CPU.ActiveCfg = Release|Any CPU
		{113F0470-BF8A-4643-8264-0C0E1A99E6D1}.Release|Any CPU.Build.0 = Release|Any CPU
	EndGlobalSection
	GlobalSection(SolutionProperties) = preSolution
		HideSolutionNode = FALSE
	EndGlobalSection
	GlobalSection(ExtensibilityGlobals) = postSolution
		SolutionGuid = {5A1F2E38-80D7-45A5-A874-B126344F069A}
	EndGlobalSection
EndGlobal
